// !$*UTF8*$!
{
	archiveVersion = 1;
	classes = {
	};
	objectVersion = 46;
	objects = {

/* Begin PBXBuildFile section */
		CB671DF51CA706C8004AEB10 /* AppDelegate.swift in Sources */ = {isa = PBXBuildFile; fileRef = CB671DF41CA706C8004AEB10 /* AppDelegate.swift */; };
		CB671DF71CA706C8004AEB10 /* ViewController.swift in Sources */ = {isa = PBXBuildFile; fileRef = CB671DF61CA706C8004AEB10 /* ViewController.swift */; };
		CB671DFA1CA706C8004AEB10 /* Main.storyboard in Resources */ = {isa = PBXBuildFile; fileRef = CB671DF81CA706C8004AEB10 /* Main.storyboard */; };
		CB671DFD1CA706C8004AEB10 /* Calculator.xcdatamodeld in Sources */ = {isa = PBXBuildFile; fileRef = CB671DFB1CA706C8004AEB10 /* Calculator.xcdatamodeld */; };
		CB671DFF1CA706C8004AEB10 /* Assets.xcassets in Resources */ = {isa = PBXBuildFile; fileRef = CB671DFE1CA706C8004AEB10 /* Assets.xcassets */; };
		CB671E021CA706C8004AEB10 /* LaunchScreen.storyboard in Resources */ = {isa = PBXBuildFile; fileRef = CB671E001CA706C8004AEB10 /* LaunchScreen.storyboard */; };
/* End PBXBuildFile section */

/* Begin PBXFileReference section */
		CB671DF11CA706C8004AEB10 /* Calculator.app */ = {isa = PBXFileReference; explicitFileType = wrapper.application; includeInIndex = 0; path = Calculator.app; sourceTree = BUILT_PRODUCTS_DIR; };
		CB671DF41CA706C8004AEB10 /* AppDelegate.swift */ = {isa = PBXFileReference; lastKnownFileType = sourcecode.swift; path = AppDelegate.swift; sourceTree = "<group>"; };
		CB671DF61CA706C8004AEB10 /* ViewController.swift */ = {isa = PBXFileReference; lastKnownFileType = sourcecode.swift; path = ViewController.swift; sourceTree = "<group>"; };
		CB671DF91CA706C8004AEB10 /* Base */ = {isa = PBXFileReference; lastKnownFileType = file.storyboard; name = Base; path = Base.lproj/Main.storyboard; sourceTree = "<group>"; };
		CB671DFC1CA706C8004AEB10 /* Calculator.xcdatamodel */ = {isa = PBXFileReference; lastKnownFileType = wrapper.xcdatamodel; path = Calculator.xcdatamodel; sourceTree = "<group>"; };
		CB671DFE1CA706C8004AEB10 /* Assets.xcassets */ = {isa = PBXFileReference; lastKnownFileType = folder.assetcatalog; path = Assets.xcassets; sourceTree = "<group>"; };
		CB671E011CA706C8004AEB10 /* Base */ = {isa = PBXFileReference; lastKnownFileType = file.storyboard; name = Base; path = Base.lproj/LaunchScreen.storyboard; sourceTree = "<group>"; };
		CB671E031CA706C8004AEB10 /* Info.plist */ = {isa = PBXFileReference; lastKnownFileType = text.plist.xml; path = Info.plist; sourceTree = "<group>"; };
/* End PBXFileReference section */

/* Begin PBXFrameworksBuildPhase section */
		CB671DEE1CA706C8004AEB10 /* Frameworks */ = {
			isa = PBXFrameworksBuildPhase;
			buildActionMask = 2147483647;
			files = (
			);
			runOnlyForDeploymentPostprocessing = 0;
		};
/* End PBXFrameworksBuildPhase section */

/* Begin PBXGroup section */
		CB671DE81CA706C8004AEB10 = {
			isa = PBXGroup;
			children = (
				CB671DF31CA706C8004AEB10 /* Calculator */,
				CB671DF21CA706C8004AEB10 /* Products */,
			);
			sourceTree = "<group>";
		};
		CB671DF21CA706C8004AEB10 /* Products */ = {
			isa = PBXGroup;
			children = (
				CB671DF11CA706C8004AEB10 /* Calculator.app */,
			);
			name = Products;
			sourceTree = "<group>";
		};
		CB671DF31CA706C8004AEB10 /* Calculator */ = {
			isa = PBXGroup;
			children = (
				CB671DF41CA706C8004AEB10 /* AppDelegate.swift */,
				CB671DF61CA706C8004AEB10 /* ViewController.swift */,
				CB671DF81CA706C8004AEB10 /* Main.storyboard */,
				CB671DFE1CA706C8004AEB10 /* Assets.xcassets */,
				CB671E001CA706C8004AEB10 /* LaunchScreen.storyboard */,
				CB671E031CA706C8004AEB10 /* Info.plist */,
				CB671DFB1CA706C8004AEB10 /* Calculator.xcdatamodeld */,
			);
			path = Calculator;
			sourceTree = "<group>";
		};
/* End PBXGroup section */

/* Begin PBXNativeTarget section */
		CB671DF01CA706C8004AEB10 /* Calculator */ = {
			isa = PBXNativeTarget;
			buildConfigurationList = CB671E061CA706C9004AEB10 /* Build configuration list for PBXNativeTarget "Calculator" */;
			buildPhases = (
				CB671DED1CA706C8004AEB10 /* Sources */,
				CB671DEE1CA706C8004AEB10 /* Frameworks */,
				CB671DEF1CA706C8004AEB10 /* Resources */,
			);
			buildRules = (
			);
			dependencies = (
			);
			name = Calculator;
			productName = Calculator;
			productReference = CB671DF11CA706C8004AEB10 /* Calculator.app */;
			productType = "com.apple.product-type.application";
		};
/* End PBXNativeTarget section */

/* Begin PBXProject section */
		CB671DE91CA706C8004AEB10 /* Project object */ = {
			isa = PBXProject;
			attributes = {
				LastSwiftUpdateCheck = 0730;
				LastUpgradeCheck = 0730;
				ORGANIZATIONNAME = "Prasath Balakrishnan";
				TargetAttributes = {
					CB671DF01CA706C8004AEB10 = {
						CreatedOnToolsVersion = 7.3;
						DevelopmentTeam = EY7ZQYNR6W;
					};
				};
			};
			buildConfigurationList = CB671DEC1CA706C8004AEB10 /* Build configuration list for PBXProject "Calculator" */;
			compatibilityVersion = "Xcode 3.2";
			developmentRegion = English;
			hasScannedForEncodings = 0;
			knownRegions = (
				en,
				Base,
			);
			mainGroup = CB671DE81CA706C8004AEB10;
			productRefGroup = CB671DF21CA706C8004AEB10 /* Products */;
			projectDirPath = "";
			projectRoot = "";
			targets = (
				CB671DF01CA706C8004AEB10 /* Calculator */,
			);
		};
/* End PBXProject section */

/* Begin PBXResourcesBuildPhase section */
		CB671DEF1CA706C8004AEB10 /* Resources */ = {
			isa = PBXResourcesBuildPhase;
			buildActionMask = 2147483647;
			files = (
				CB671E021CA706C8004AEB10 /* LaunchScreen.storyboard in Resources */,
				CB671DFF1CA706C8004AEB10 /* Assets.xcassets in Resources */,
				CB671DFA1CA706C8004AEB10 /* Main.storyboard in Resources */,
			);
			runOnlyForDeploymentPostprocessing = 0;
		};
/* End PBXResourcesBuildPhase section */

/* Begin PBXSourcesBuildPhase section */
		CB671DED1CA706C8004AEB10 /* Sources */ = {
			isa = PBXSourcesBuildPhase;
			buildActionMask = 2147483647;
			files = (
				CB671DF71CA706C8004AEB10 /* ViewController.swift in Sources */,
				CB671DF51CA706C8004AEB10 /* AppDelegate.swift in Sources */,
				CB671DFD1CA706C8004AEB10 /* Calculator.xcdatamodeld in Sources */,
			);
			runOnlyForDeploymentPostprocessing = 0;
		};
/* End PBXSourcesBuildPhase section */

/* Begin PBXVariantGroup section */
		CB671DF81CA706C8004AEB10 /* Main.storyboard */ = {
			isa = PBXVariantGroup;
			children = (
				CB671DF91CA706C8004AEB10 /* Base */,
			);
			name = Main.storyboard;
			sourceTree = "<group>";
		};
		CB671E001CA706C8004AEB10 /* LaunchScreen.storyboard */ = {
			isa = PBXVariantGroup;
			children = (
				CB671E011CA706C8004AEB10 /* Base */,
			);
			name = LaunchScreen.storyboard;
			sourceTree = "<group>";
		};
/* End PBXVariantGroup section */

/* Begin XCBuildConfiguration section */
		CB671E041CA706C8004AEB10 /* Debug */ = {
			isa = XCBuildConfiguration;
			buildSettings = {
				ALWAYS_SEARCH_USER_PATHS = NO;
				CLANG_ANALYZER_NONNULL = YES;
				CLANG_CXX_LANGUAGE_STANDARD = "gnu++0x";
				CLANG_CXX_LIBRARY = "libc++";
				CLANG_ENABLE_MODULES = YES;
				CLANG_ENABLE_OBJC_ARC = YES;
				CLANG_WARN_BOOL_CONVERSION = YES;
				CLANG_WARN_CONSTANT_CONVERSION = YES;
				CLANG_WARN_DIRECT_OBJC_ISA_USAGE = YES_ERROR;
				CLANG_WARN_EMPTY_BODY = YES;
				CLANG_WARN_ENUM_CONVERSION = YES;
				CLANG_WARN_INT_CONVERSION = YES;
				CLANG_WARN_OBJC_ROOT_CLASS = YES_ERROR;
				CLANG_WARN_UNREACHABLE_CODE = YES;
				CLANG_WARN__DUPLICATE_METHOD_MATCH = YES;
				"CODE_SIGN_IDENTITY[sdk=iphoneos*]" = "iPhone Developer";
				COPY_PHASE_STRIP = NO;
				DEBUG_INFORMATION_FORMAT = dwarf;
				ENABLE_STRICT_OBJC_MSGSEND = YES;
				ENABLE_TESTABILITY = YES;
				GCC_C_LANGUAGE_STANDARD = gnu99;
				GCC_DYNAMIC_NO_PIC = NO;
				GCC_NO_COMMON_BLOCKS = YES;
				GCC_OPTIMIZATION_LEVEL = 0;
				GCC_PREPROCESSOR_DEFINITIONS = (
					"DEBUG=1",
					"$(inherited)",
				);
				GCC_WARN_64_TO_32_BIT_CONVERSION = YES;
				GCC_WARN_ABOUT_RETURN_TYPE = YES_ERROR;
				GCC_WARN_UNDECLARED_SELECTOR = YES;
				GCC_WARN_UNINITIALIZED_AUTOS = YES_AGGRESSIVE;
				GCC_WARN_UNUSED_FUNCTION = YES;
				GCC_WARN_UNUSED_VARIABLE = YES;
				IPHONEOS_DEPLOYMENT_TARGET = 9.3;
				MTL_ENABLE_DEBUG_INFO = YES;
				ONLY_ACTIVE_ARCH = YES;
				SDKROOT = iphoneos;
				SWIFT_OPTIMIZATION_LEVEL = "-Onone";
				TARGETED_DEVICE_FAMILY = "1,2";
			};
			name = Debug;
		};
		CB671E051CA706C8004AEB10 /* Release */ = {
			isa = XCBuildConfiguration;
			buildSettings = {
				ALWAYS_SEARCH_USER_PATHS = NO;
				CLANG_ANALYZER_NONNULL = YES;
				CLANG_CXX_LANGUAGE_STANDARD = "gnu++0x";
				CLANG_CXX_LIBRARY = "libc++";
				CLANG_ENABLE_MODULES = YES;
				CLANG_ENABLE_OBJC_ARC = YES;
				CLANG_WARN_BOOL_CONVERSION = YES;
				CLANG_WARN_CONSTANT_CONVERSION = YES;
				CLANG_WARN_DIRECT_OBJC_ISA_USAGE = YES_ERROR;
				CLANG_WARN_EMPTY_BODY = YES;
				CLANG_WARN_ENUM_CONVERSION = YES;
				CLANG_WARN_INT_CONVERSION = YES;
				CLANG_WARN_OBJC_ROOT_CLASS = YES_ERROR;
				CLANG_WARN_UNREACHABLE_CODE = YES;
				CLANG_WARN__DUPLICATE_METHOD_MATCH = YES;
				"CODE_SIGN_IDENTITY[sdk=iphoneos*]" = "iPhone Developer";
				COPY_PHASE_STRIP = NO;
				DEBUG_INFORMATION_FORMAT = "dwarf-with-dsym";
				ENABLE_NS_ASSERTIONS = NO;
				ENABLE_STRICT_OBJC_MSGSEND = YES;
				GCC_C_LANGUAGE_STANDARD = gnu99;
				GCC_NO_COMMON_BLOCKS = YES;
				GCC_WARN_64_TO_32_BIT_CONVERSION = YES;
				GCC_WARN_ABOUT_RETURN_TYPE = YES_ERROR;
				GCC_WARN_UNDECLARED_SELECTOR = YES;
				GCC_WARN_UNINITIALIZED_AUTOS = YES_AGGRESSIVE;
				GCC_WARN_UNUSED_FUNCTION = YES;
				GCC_WARN_UNUSED_VARIABLE = YES;
				IPHONEOS_DEPLOYMENT_TARGET = 9.3;
				MTL_ENABLE_DEBUG_INFO = NO;
				SDKROOT = iphoneos;
				TARGETED_DEVICE_FAMILY = "1,2";
				VALIDATE_PRODUCT = YES;
			};
			name = Release;
		};
		CB671E071CA706C9004AEB10 /* Debug */ = {
			isa = XCBuildConfiguration;
			buildSettings = {
				ASSETCATALOG_COMPILER_APPICON_NAME = AppIcon;
				INFOPLIST_FILE = Calculator/Info.plist;
				LD_RUNPATH_SEARCH_PATHS = "$(inherited) @executable_path/Frameworks";
				PRODUCT_BUNDLE_IDENTIFIER = Rach.Calculator;
				PRODUCT_NAME = "$(TARGET_NAME)";
			};
			name = Debug;
		};
		CB671E081CA706C9004AEB10 /* Release */ = {
			isa = XCBuildConfiguration;
			buildSettings = {
				ASSETCATALOG_COMPILER_APPICON_NAME = AppIcon;
				INFOPLIST_FILE = Calculator/Info.plist;
				LD_RUNPATH_SEARCH_PATHS = "$(inherited) @executable_path/Frameworks";
				PRODUCT_BUNDLE_IDENTIFIER = Rach.Calculator;
				PRODUCT_NAME = "$(TARGET_NAME)";
			};
			name = Release;
		};
/* End XCBuildConfiguration section */

/* Begin XCConfigurationList section */
		CB671DEC1CA706C8004AEB10 /* Build configuration list for PBXProject "Calculator" */ = {
			isa = XCConfigurationList;
			buildConfigurations = (
				CB671E041CA706C8004AEB10 /* Debug */,
				CB671E051CA706C8004AEB10 /* Release */,
			);
			defaultConfigurationIsVisible = 0;
			defaultConfigurationName = Release;
		};
		CB671E061CA706C9004AEB10 /* Build configuration list for PBXNativeTarget "Calculator" */ = {
			isa = XCConfigurationList;
			buildConfigurations = (
				CB671E071CA706C9004AEB10 /* Debug */,
				CB671E081CA706C9004AEB10 /* Release */,
			);
			defaultConfigurationIsVisible = 0;
		};
/* End XCConfigurationList section */

/* Begin XCVersionGroup section */
		CB671DFB1CA706C8004AEB10 /* Calculator.xcdatamodeld */ = {
			isa = XCVersionGroup;
			children = (
				CB671DFC1CA706C8004AEB10 /* Calculator.xcdatamodel */,
			);
			currentVersion = CB671DFC1CA706C8004AEB10 /* Calculator.xcdatamodel */;
			path = Calculator.xcdatamodeld;
			sourceTree = "<group>";
			versionGroupType = wrapper.xcdatamodel;
		};
/* End XCVersionGroup section */
	};
	rootObject = CB671DE91CA706C8004AEB10 /* Project object */;
}
